
Microsoft Visual Studio Solution File, Format Version 12.00
# Visual Studio Version 17
VisualStudioVersion = 17.0.31903.59
MinimumVisualStudioVersion = 10.0.40219.1
Project("{2150E333-8FDC-42A3-9474-1A3956D46DE8}") = "src", "src", "{E23470C8-DEC1-40C7-B927-54FEE4F31716}"
EndProject
Project("{FAE04EC0-301F-11D3-BF4B-00C04F79EFBC}") = "Domain", "src\Domain\Domain.csproj", "{2F56A28D-296B-4892-87E7-D1868AADC432}"
EndProject
Project("{FAE04EC0-301F-11D3-BF4B-00C04F79EFBC}") = "Application", "src\Application\Application.csproj", "{5E5ABFF3-BC76-4BC8-8AE8-303DB3F2B5DE}"
EndProject
Project("{FAE04EC0-301F-11D3-BF4B-00C04F79EFBC}") = "Infrastructure", "src\Infrastructure\Infrastructure.csproj", "{5504D507-B06B-48D6-BF2C-2096DCAE951E}"
EndProject
Project("{FAE04EC0-301F-11D3-BF4B-00C04F79EFBC}") = "Console", "src\Console\Console.csproj", "{859047F9-E3DE-47D2-BAAE-84E838A5B19B}"
EndProject
Project("{2150E333-8FDC-42A3-9474-1A3956D46DE8}") = "tests", "tests", "{F0BEF11A-DB95-4975-A86C-2D365E523D45}"
EndProject
Project("{FAE04EC0-301F-11D3-BF4B-00C04F79EFBC}") = "Domain.Tests", "tests\Domain.Tests\Domain.Tests.csproj", "{D114ED82-577E-44CF-B128-9EE3384FB88C}"
EndProject
Project("{FAE04EC0-301F-11D3-BF4B-00C04F79EFBC}") = "Application.Tests", "tests\Application.Tests\Application.Tests.csproj", "{04039B93-4F5E-47D0-B386-2A1379D2CD6B}"
EndProject
Project("{FAE04EC0-301F-11D3-BF4B-00C04F79EFBC}") = "Infrastructure.Tests", "tests\Infrastructure.Tests\Infrastructure.Tests.csproj", "{CEEBDE70-65AC-4156-80E6-446BDF16ED5F}"
EndProject
Project("{FAE04EC0-301F-11D3-BF4B-00C04F79EFBC}") = "Console.Tests", "tests\Console.Tests\Console.Tests.csproj", "{FAD51C82-D0D1-48E5-B3D7-CF77F69AA7E8}"
EndProject
Global
	GlobalSection(SolutionConfigurationPlatforms) = preSolution
		Debug|Any CPU = Debug|Any CPU
		Release|Any CPU = Release|Any CPU
	EndGlobalSection
	GlobalSection(SolutionProperties) = preSolution
		HideSolutionNode = FALSE
	EndGlobalSection
	GlobalSection(ProjectConfigurationPlatforms) = postSolution
		{2F56A28D-296B-4892-87E7-D1868AADC432}.Debug|Any CPU.ActiveCfg = Debug|Any CPU
		{2F56A28D-296B-4892-87E7-D1868AADC432}.Debug|Any CPU.Build.0 = Debug|Any CPU
		{2F56A28D-296B-4892-87E7-D1868AADC432}.Release|Any CPU.ActiveCfg = Release|Any CPU
		{2F56A28D-296B-4892-87E7-D1868AADC432}.Release|Any CPU.Build.0 = Release|Any CPU
		{5E5ABFF3-BC76-4BC8-8AE8-303DB3F2B5DE}.Debug|Any CPU.ActiveCfg = Debug|Any CPU
		{5E5ABFF3-BC76-4BC8-8AE8-303DB3F2B5DE}.Debug|Any CPU.Build.0 = Debug|Any CPU
		{5E5ABFF3-BC76-4BC8-8AE8-303DB3F2B5DE}.Release|Any CPU.ActiveCfg = Release|Any CPU
		{5E5ABFF3-BC76-4BC8-8AE8-303DB3F2B5DE}.Release|Any CPU.Build.0 = Release|Any CPU
		{5504D507-B06B-48D6-BF2C-2096DCAE951E}.Debug|Any CPU.ActiveCfg = Debug|Any CPU
		{5504D507-B06B-48D6-BF2C-2096DCAE951E}.Debug|Any CPU.Build.0 = Debug|Any CPU
		{5504D507-B06B-48D6-BF2C-2096DCAE951E}.Release|Any CPU.ActiveCfg = Release|Any CPU
		{5504D507-B06B-48D6-BF2C-2096DCAE951E}.Release|Any CPU.Build.0 = Release|Any CPU
		{859047F9-E3DE-47D2-BAAE-84E838A5B19B}.Debug|Any CPU.ActiveCfg = Debug|Any CPU
		{859047F9-E3DE-47D2-BAAE-84E838A5B19B}.Debug|Any CPU.Build.0 = Debug|Any CPU
		{859047F9-E3DE-47D2-BAAE-84E838A5B19B}.Release|Any CPU.ActiveCfg = Release|Any CPU
		{859047F9-E3DE-47D2-BAAE-84E838A5B19B}.Release|Any CPU.Build.0 = Release|Any CPU
		{D114ED82-577E-44CF-B128-9EE3384FB88C}.Debug|Any CPU.ActiveCfg = Debug|Any CPU
		{D114ED82-577E-44CF-B128-9EE3384FB88C}.Debug|Any CPU.Build.0 = Debug|Any CPU
		{D114ED82-577E-44CF-B128-9EE3384FB88C}.Release|Any CPU.ActiveCfg = Release|Any CPU
		{D114ED82-577E-44CF-B128-9EE3384FB88C}.Release|Any CPU.Build.0 = Release|Any CPU
		{04039B93-4F5E-47D0-B386-2A1379D2CD6B}.Debug|Any CPU.ActiveCfg = Debug|Any CPU
		{04039B93-4F5E-47D0-B386-2A1379D2CD6B}.Debug|Any CPU.Build.0 = Debug|Any CPU
		{04039B93-4F5E-47D0-B386-2A1379D2CD6B}.Release|Any CPU.ActiveCfg = Release|Any CPU
		{04039B93-4F5E-47D0-B386-2A1379D2CD6B}.Release|Any CPU.Build.0 = Release|Any CPU
		{CEEBDE70-65AC-4156-80E6-446BDF16ED5F}.Debug|Any CPU.ActiveCfg = Debug|Any CPU
		{CEEBDE70-65AC-4156-80E6-446BDF16ED5F}.Debug|Any CPU.Build.0 = Debug|Any CPU
		{CEEBDE70-65AC-4156-80E6-446BDF16ED5F}.Release|Any CPU.ActiveCfg = Release|Any CPU
		{CEEBDE70-65AC-4156-80E6-446BDF16ED5F}.Release|Any CPU.Build.0 = Release|Any CPU
		{FAD51C82-D0D1-48E5-B3D7-CF77F69AA7E8}.Debug|Any CPU.ActiveCfg = Debug|Any CPU
		{FAD51C82-D0D1-48E5-B3D7-CF77F69AA7E8}.Debug|Any CPU.Build.0 = Debug|Any CPU
		{FAD51C82-D0D1-48E5-B3D7-CF77F69AA7E8}.Release|Any CPU.ActiveCfg = Release|Any CPU
		{FAD51C82-D0D1-48E5-B3D7-CF77F69AA7E8}.Release|Any CPU.Build.0 = Release|Any CPU
	EndGlobalSection
	GlobalSection(NestedProjects) = preSolution
		{2F56A28D-296B-4892-87E7-D1868AADC432} = {E23470C8-DEC1-40C7-B927-54FEE4F31716}
		{5E5ABFF3-BC76-4BC8-8AE8-303DB3F2B5DE} = {E23470C8-DEC1-40C7-B927-54FEE4F31716}
		{5504D507-B06B-48D6-BF2C-2096DCAE951E} = {E23470C8-DEC1-40C7-B927-54FEE4F31716}
		{859047F9-E3DE-47D2-BAAE-84E838A5B19B} = {E23470C8-DEC1-40C7-B927-54FEE4F31716}
		{D114ED82-577E-44CF-B128-9EE3384FB88C} = {F0BEF11A-DB95-4975-A86C-2D365E523D45}
		{04039B93-4F5E-47D0-B386-2A1379D2CD6B} = {F0BEF11A-DB95-4975-A86C-2D365E523D45}
		{CEEBDE70-65AC-4156-80E6-446BDF16ED5F} = {F0BEF11A-DB95-4975-A86C-2D365E523D45}
		{FAD51C82-D0D1-48E5-B3D7-CF77F69AA7E8} = {F0BEF11A-DB95-4975-A86C-2D365E523D45}
	EndGlobalSection
EndGlobal
